# THIS IS AN AUTOGENERATED FILE. DO NOT EDIT THIS FILE DIRECTLY.
# yarn lockfile v1


bootstrap@>=3.0.0:
  version "3.3.7"
  resolved "https://registry.yarnpkg.com/bootstrap/-/bootstrap-3.3.7.tgz#5a389394549f23330875a3b150656574f8a9eb71"

jquery@>=1.9.0:
  version "3.2.1"
  resolved "https://registry.yarnpkg.com/jquery/-/jquery-3.2.1.tgz#5c4d9de652af6cd0a770154a631bba12b015c787"

smartwizard@^4.2.2:
  version "4.2.2"
  resolved "https://registry.yarnpkg.com/smartwizard/-/smartwizard-4.2.2.tgz#13df3752d9dc6d9dc2faea1e20662605d7fdfd02"
  dependencies:
    bootstrap ">=3.0.0"
    jquery ">=1.9.0"

twitter-bootstrap-wizard@^1.2.0:
  version "1.2.0"
  resolved "https://registry.yarnpkg.com/twitter-bootstrap-wizard/-/twitter-bootstrap-wizard-1.2.0.tgz#801c695f6b01e52dd622e9522b13fcb809421ef0"
